
Microsoft Visual Studio Solution File, Format Version 12.00
Project("{2150E333-8FDC-42A3-9474-1A3956D46DE8}") = "src", "src", "{529E57B4-73DB-4FB3-B24A-546172EA4E25}"
EndProject
Project("{2150E333-8FDC-42A3-9474-1A3956D46DE8}") = "server", "server", "{99511B02-47E2-49EA-ABFA-692908E9ECF0}"
EndProject
Project("{2150E333-8FDC-42A3-9474-1A3956D46DE8}") = "shared", "shared", "{4FB08BD5-8F08-4B8D-9A5D-083729853CD5}"
EndProject
Project("{FAE04EC0-301F-11D3-BF4B-00C04F79EFBC}") = "Persistify.Server", "src\server\Persistify.Server\Persistify.Server.csproj", "{01967356-0655-47DC-B65D-740831CFCF70}"
EndProject
Project("{FAE04EC0-301F-11D3-BF4B-00C04F79EFBC}") = "Persistify.Pipelines", "src\server\Persistify.Pipelines\Persistify.Pipelines.csproj", "{BA06F0BD-3911-4F0E-9C13-7E29555BADCF}"
EndProject
Project("{FAE04EC0-301F-11D3-BF4B-00C04F79EFBC}") = "Persistify.Server.Configuration", "src\server\Persistify.Server.Configuration\Persistify.Server.Configuration.csproj", "{0CF9D416-8E85-41B7-A388-4058404D4C73}"
EndProject
Project("{FAE04EC0-301F-11D3-BF4B-00C04F79EFBC}") = "Persistify.Helpers", "src\shared\Persistify.Helpers\Persistify.Helpers.csproj", "{0C1372F6-15BE-4A28-B750-046C28D42D3A}"
EndProject
Project("{FAE04EC0-301F-11D3-BF4B-00C04F79EFBC}") = "Persistify.Validation", "src\server\Persistify.Validation\Persistify.Validation.csproj", "{2D73CC87-EF55-42CF-8401-C7D4321BDD8E}"
EndProject
Project("{FAE04EC0-301F-11D3-BF4B-00C04F79EFBC}") = "Persistify.DataStructures", "src\shared\Persistify.DataStructures\Persistify.DataStructures.csproj", "{2B4E575E-3961-4C97-86E1-42C9C77D1B9A}"
EndProject
Project("{2150E333-8FDC-42A3-9474-1A3956D46DE8}") = "test", "test", "{7CAC36BF-6743-4F51-92BE-4EAD51656791}"
EndProject
Project("{2150E333-8FDC-42A3-9474-1A3956D46DE8}") = "shared", "shared", "{54E83F82-5AA4-4BFC-8A9E-5C792D1F6B94}"
EndProject
Project("{FAE04EC0-301F-11D3-BF4B-00C04F79EFBC}") = "Persistify.DataStructures.Tests.Unit", "test\shared\Persistify.DataStructures.Tests.Unit\Persistify.DataStructures.Tests.Unit.csproj", "{FEF010C1-792D-47AF-8B89-EAC0F44EE2C8}"
EndProject
Project("{2150E333-8FDC-42A3-9474-1A3956D46DE8}") = "server", "server", "{A4A48851-1F0E-4013-99D9-688E84160257}"
EndProject
Project("{FAE04EC0-301F-11D3-BF4B-00C04F79EFBC}") = "Persistify.Management.Tests.Unit", "test\server\Persistify.Management.Tests.Unit\Persistify.Management.Tests.Unit.csproj", "{B29A6CB3-DCD3-47E7-A284-99A48122FEEB}"
EndProject
Project("{FAE04EC0-301F-11D3-BF4B-00C04F79EFBC}") = "Persistify.Management.Tests.Bench", "test\server\Persistify.Management.Tests.Bench\Persistify.Management.Tests.Bench.csproj", "{C97BCFFF-6214-45F3-BE93-3DA6F34CFF82}"
EndProject
Project("{FAE04EC0-301F-11D3-BF4B-00C04F79EFBC}") = "Persistify.TestHelpers", "test\shared\Persistify.TestHelpers\Persistify.TestHelpers.csproj", "{AC2DFC8C-D07F-484B-B0C5-63A6D9BAB5E4}"
EndProject
Project("{FAE04EC0-301F-11D3-BF4B-00C04F79EFBC}") = "Persistify.Serialization", "src\server\Persistify.Serialization\Persistify.Serialization.csproj", "{B9E1E2DB-80E1-4C7D-91E2-17E0C541CABC}"
EndProject
Project("{FAE04EC0-301F-11D3-BF4B-00C04F79EFBC}") = "Persistify.HostedServices", "src\server\Persistify.HostedServices\Persistify.HostedServices.csproj", "{5E6B1010-50AA-4E84-B429-C54B14C3EE18}"
EndProject
Project("{FAE04EC0-301F-11D3-BF4B-00C04F79EFBC}") = "Persistify.Cache", "src\server\Persistify.Cache\Persistify.Cache.csproj", "{A6C63CD5-6E2B-49A2-9DB1-91040B2E668A}"
EndProject
Project("{FAE04EC0-301F-11D3-BF4B-00C04F79EFBC}") = "Persistify.Persistence.Cache", "src\server\Persistify.Persistence.Cache\Persistify.Persistence.Cache.csproj", "{CB75FC2D-DA86-4B76-BCE3-4CF64AFDEF90}"
EndProject
Project("{FAE04EC0-301F-11D3-BF4B-00C04F79EFBC}") = "Persistify.Persistence.Core", "src\server\Persistify.Persistence.Core\Persistify.Persistence.Core.csproj", "{BC61B7A3-0FB1-48F9-BD3B-2FE6F0862F7E}"
EndProject
Project("{FAE04EC0-301F-11D3-BF4B-00C04F79EFBC}") = "Persistify.Domain", "src\server\Persistify.Domain\Persistify.Domain.csproj", "{6C17440A-E962-433D-95CE-7650EF8CA9F3}"
EndProject
Project("{FAE04EC0-301F-11D3-BF4B-00C04F79EFBC}") = "Persistify.Requests", "src\server\Persistify.Requests\Persistify.Requests.csproj", "{6DFBB78D-722F-4C9B-BADD-5E1F621605AE}"
EndProject
Project("{FAE04EC0-301F-11D3-BF4B-00C04F79EFBC}") = "Persistify.Responses", "src\server\Persistify.Responses\Persistify.Responses.csproj", "{34B6A86A-E621-4B6E-8604-4F899F1082CF}"
EndProject
Project("{FAE04EC0-301F-11D3-BF4B-00C04F79EFBC}") = "Persistify.Services", "src\server\Persistify.Services\Persistify.Services.csproj", "{92A85FDC-E8B9-407A-A661-8DD2098F1864}"
EndProject
Global
	GlobalSection(SolutionConfigurationPlatforms) = preSolution
		Debug|Any CPU = Debug|Any CPU
		Release|Any CPU = Release|Any CPU
	EndGlobalSection
	GlobalSection(ProjectConfigurationPlatforms) = postSolution
		{01967356-0655-47DC-B65D-740831CFCF70}.Debug|Any CPU.ActiveCfg = Debug|Any CPU
		{01967356-0655-47DC-B65D-740831CFCF70}.Debug|Any CPU.Build.0 = Debug|Any CPU
		{01967356-0655-47DC-B65D-740831CFCF70}.Release|Any CPU.ActiveCfg = Release|Any CPU
		{01967356-0655-47DC-B65D-740831CFCF70}.Release|Any CPU.Build.0 = Release|Any CPU
		{BA06F0BD-3911-4F0E-9C13-7E29555BADCF}.Debug|Any CPU.ActiveCfg = Debug|Any CPU
		{BA06F0BD-3911-4F0E-9C13-7E29555BADCF}.Debug|Any CPU.Build.0 = Debug|Any CPU
		{BA06F0BD-3911-4F0E-9C13-7E29555BADCF}.Release|Any CPU.ActiveCfg = Release|Any CPU
		{BA06F0BD-3911-4F0E-9C13-7E29555BADCF}.Release|Any CPU.Build.0 = Release|Any CPU
		{0CF9D416-8E85-41B7-A388-4058404D4C73}.Debug|Any CPU.ActiveCfg = Debug|Any CPU
		{0CF9D416-8E85-41B7-A388-4058404D4C73}.Debug|Any CPU.Build.0 = Debug|Any CPU
		{0CF9D416-8E85-41B7-A388-4058404D4C73}.Release|Any CPU.ActiveCfg = Release|Any CPU
		{0CF9D416-8E85-41B7-A388-4058404D4C73}.Release|Any CPU.Build.0 = Release|Any CPU
		{0C1372F6-15BE-4A28-B750-046C28D42D3A}.Debug|Any CPU.ActiveCfg = Debug|Any CPU
		{0C1372F6-15BE-4A28-B750-046C28D42D3A}.Debug|Any CPU.Build.0 = Debug|Any CPU
		{0C1372F6-15BE-4A28-B750-046C28D42D3A}.Release|Any CPU.ActiveCfg = Release|Any CPU
		{0C1372F6-15BE-4A28-B750-046C28D42D3A}.Release|Any CPU.Build.0 = Release|Any CPU
		{2D73CC87-EF55-42CF-8401-C7D4321BDD8E}.Debug|Any CPU.ActiveCfg = Debug|Any CPU
		{2D73CC87-EF55-42CF-8401-C7D4321BDD8E}.Debug|Any CPU.Build.0 = Debug|Any CPU
		{2D73CC87-EF55-42CF-8401-C7D4321BDD8E}.Release|Any CPU.ActiveCfg = Release|Any CPU
		{2D73CC87-EF55-42CF-8401-C7D4321BDD8E}.Release|Any CPU.Build.0 = Release|Any CPU
		{2B4E575E-3961-4C97-86E1-42C9C77D1B9A}.Debug|Any CPU.ActiveCfg = Debug|Any CPU
		{2B4E575E-3961-4C97-86E1-42C9C77D1B9A}.Debug|Any CPU.Build.0 = Debug|Any CPU
		{2B4E575E-3961-4C97-86E1-42C9C77D1B9A}.Release|Any CPU.ActiveCfg = Release|Any CPU
		{2B4E575E-3961-4C97-86E1-42C9C77D1B9A}.Release|Any CPU.Build.0 = Release|Any CPU
		{FEF010C1-792D-47AF-8B89-EAC0F44EE2C8}.Debug|Any CPU.ActiveCfg = Debug|Any CPU
		{FEF010C1-792D-47AF-8B89-EAC0F44EE2C8}.Debug|Any CPU.Build.0 = Debug|Any CPU
		{FEF010C1-792D-47AF-8B89-EAC0F44EE2C8}.Release|Any CPU.ActiveCfg = Release|Any CPU
		{FEF010C1-792D-47AF-8B89-EAC0F44EE2C8}.Release|Any CPU.Build.0 = Release|Any CPU
		{B29A6CB3-DCD3-47E7-A284-99A48122FEEB}.Debug|Any CPU.ActiveCfg = Debug|Any CPU
		{B29A6CB3-DCD3-47E7-A284-99A48122FEEB}.Debug|Any CPU.Build.0 = Debug|Any CPU
		{B29A6CB3-DCD3-47E7-A284-99A48122FEEB}.Release|Any CPU.ActiveCfg = Release|Any CPU
		{B29A6CB3-DCD3-47E7-A284-99A48122FEEB}.Release|Any CPU.Build.0 = Release|Any CPU
		{C97BCFFF-6214-45F3-BE93-3DA6F34CFF82}.Debug|Any CPU.ActiveCfg = Debug|Any CPU
		{C97BCFFF-6214-45F3-BE93-3DA6F34CFF82}.Debug|Any CPU.Build.0 = Debug|Any CPU
		{C97BCFFF-6214-45F3-BE93-3DA6F34CFF82}.Release|Any CPU.ActiveCfg = Release|Any CPU
		{C97BCFFF-6214-45F3-BE93-3DA6F34CFF82}.Release|Any CPU.Build.0 = Release|Any CPU
		{AC2DFC8C-D07F-484B-B0C5-63A6D9BAB5E4}.Debug|Any CPU.ActiveCfg = Debug|Any CPU
		{AC2DFC8C-D07F-484B-B0C5-63A6D9BAB5E4}.Debug|Any CPU.Build.0 = Debug|Any CPU
		{AC2DFC8C-D07F-484B-B0C5-63A6D9BAB5E4}.Release|Any CPU.ActiveCfg = Release|Any CPU
		{AC2DFC8C-D07F-484B-B0C5-63A6D9BAB5E4}.Release|Any CPU.Build.0 = Release|Any CPU
		{B9E1E2DB-80E1-4C7D-91E2-17E0C541CABC}.Debug|Any CPU.ActiveCfg = Debug|Any CPU
		{B9E1E2DB-80E1-4C7D-91E2-17E0C541CABC}.Debug|Any CPU.Build.0 = Debug|Any CPU
		{B9E1E2DB-80E1-4C7D-91E2-17E0C541CABC}.Release|Any CPU.ActiveCfg = Release|Any CPU
		{B9E1E2DB-80E1-4C7D-91E2-17E0C541CABC}.Release|Any CPU.Build.0 = Release|Any CPU
		{5E6B1010-50AA-4E84-B429-C54B14C3EE18}.Debug|Any CPU.ActiveCfg = Debug|Any CPU
		{5E6B1010-50AA-4E84-B429-C54B14C3EE18}.Debug|Any CPU.Build.0 = Debug|Any CPU
		{5E6B1010-50AA-4E84-B429-C54B14C3EE18}.Release|Any CPU.ActiveCfg = Release|Any CPU
		{5E6B1010-50AA-4E84-B429-C54B14C3EE18}.Release|Any CPU.Build.0 = Release|Any CPU
		{A6C63CD5-6E2B-49A2-9DB1-91040B2E668A}.Debug|Any CPU.ActiveCfg = Debug|Any CPU
		{A6C63CD5-6E2B-49A2-9DB1-91040B2E668A}.Debug|Any CPU.Build.0 = Debug|Any CPU
		{A6C63CD5-6E2B-49A2-9DB1-91040B2E668A}.Release|Any CPU.ActiveCfg = Release|Any CPU
		{A6C63CD5-6E2B-49A2-9DB1-91040B2E668A}.Release|Any CPU.Build.0 = Release|Any CPU
		{CB75FC2D-DA86-4B76-BCE3-4CF64AFDEF90}.Debug|Any CPU.ActiveCfg = Debug|Any CPU
		{CB75FC2D-DA86-4B76-BCE3-4CF64AFDEF90}.Debug|Any CPU.Build.0 = Debug|Any CPU
		{CB75FC2D-DA86-4B76-BCE3-4CF64AFDEF90}.Release|Any CPU.ActiveCfg = Release|Any CPU
		{CB75FC2D-DA86-4B76-BCE3-4CF64AFDEF90}.Release|Any CPU.Build.0 = Release|Any CPU
		{BC61B7A3-0FB1-48F9-BD3B-2FE6F0862F7E}.Debug|Any CPU.ActiveCfg = Debug|Any CPU
		{BC61B7A3-0FB1-48F9-BD3B-2FE6F0862F7E}.Debug|Any CPU.Build.0 = Debug|Any CPU
		{BC61B7A3-0FB1-48F9-BD3B-2FE6F0862F7E}.Release|Any CPU.ActiveCfg = Release|Any CPU
		{BC61B7A3-0FB1-48F9-BD3B-2FE6F0862F7E}.Release|Any CPU.Build.0 = Release|Any CPU
		{6C17440A-E962-433D-95CE-7650EF8CA9F3}.Debug|Any CPU.ActiveCfg = Debug|Any CPU
		{6C17440A-E962-433D-95CE-7650EF8CA9F3}.Debug|Any CPU.Build.0 = Debug|Any CPU
		{6C17440A-E962-433D-95CE-7650EF8CA9F3}.Release|Any CPU.ActiveCfg = Release|Any CPU
		{6C17440A-E962-433D-95CE-7650EF8CA9F3}.Release|Any CPU.Build.0 = Release|Any CPU
		{6DFBB78D-722F-4C9B-BADD-5E1F621605AE}.Debug|Any CPU.ActiveCfg = Debug|Any CPU
		{6DFBB78D-722F-4C9B-BADD-5E1F621605AE}.Debug|Any CPU.Build.0 = Debug|Any CPU
		{6DFBB78D-722F-4C9B-BADD-5E1F621605AE}.Release|Any CPU.ActiveCfg = Release|Any CPU
		{6DFBB78D-722F-4C9B-BADD-5E1F621605AE}.Release|Any CPU.Build.0 = Release|Any CPU
		{34B6A86A-E621-4B6E-8604-4F899F1082CF}.Debug|Any CPU.ActiveCfg = Debug|Any CPU
		{34B6A86A-E621-4B6E-8604-4F899F1082CF}.Debug|Any CPU.Build.0 = Debug|Any CPU
		{34B6A86A-E621-4B6E-8604-4F899F1082CF}.Release|Any CPU.ActiveCfg = Release|Any CPU
		{34B6A86A-E621-4B6E-8604-4F899F1082CF}.Release|Any CPU.Build.0 = Release|Any CPU
		{92A85FDC-E8B9-407A-A661-8DD2098F1864}.Debug|Any CPU.ActiveCfg = Debug|Any CPU
		{92A85FDC-E8B9-407A-A661-8DD2098F1864}.Debug|Any CPU.Build.0 = Debug|Any CPU
		{92A85FDC-E8B9-407A-A661-8DD2098F1864}.Release|Any CPU.ActiveCfg = Release|Any CPU
		{92A85FDC-E8B9-407A-A661-8DD2098F1864}.Release|Any CPU.Build.0 = Release|Any CPU
	EndGlobalSection
	GlobalSection(NestedProjects) = preSolution
		{99511B02-47E2-49EA-ABFA-692908E9ECF0} = {529E57B4-73DB-4FB3-B24A-546172EA4E25}
		{4FB08BD5-8F08-4B8D-9A5D-083729853CD5} = {529E57B4-73DB-4FB3-B24A-546172EA4E25}
		{01967356-0655-47DC-B65D-740831CFCF70} = {99511B02-47E2-49EA-ABFA-692908E9ECF0}
		{BA06F0BD-3911-4F0E-9C13-7E29555BADCF} = {99511B02-47E2-49EA-ABFA-692908E9ECF0}
		{0CF9D416-8E85-41B7-A388-4058404D4C73} = {99511B02-47E2-49EA-ABFA-692908E9ECF0}
		{0C1372F6-15BE-4A28-B750-046C28D42D3A} = {4FB08BD5-8F08-4B8D-9A5D-083729853CD5}
		{2D73CC87-EF55-42CF-8401-C7D4321BDD8E} = {99511B02-47E2-49EA-ABFA-692908E9ECF0}
		{2B4E575E-3961-4C97-86E1-42C9C77D1B9A} = {4FB08BD5-8F08-4B8D-9A5D-083729853CD5}
		{54E83F82-5AA4-4BFC-8A9E-5C792D1F6B94} = {7CAC36BF-6743-4F51-92BE-4EAD51656791}
		{FEF010C1-792D-47AF-8B89-EAC0F44EE2C8} = {54E83F82-5AA4-4BFC-8A9E-5C792D1F6B94}
		{A4A48851-1F0E-4013-99D9-688E84160257} = {7CAC36BF-6743-4F51-92BE-4EAD51656791}
		{B29A6CB3-DCD3-47E7-A284-99A48122FEEB} = {A4A48851-1F0E-4013-99D9-688E84160257}
		{C97BCFFF-6214-45F3-BE93-3DA6F34CFF82} = {A4A48851-1F0E-4013-99D9-688E84160257}
		{AC2DFC8C-D07F-484B-B0C5-63A6D9BAB5E4} = {54E83F82-5AA4-4BFC-8A9E-5C792D1F6B94}
		{B9E1E2DB-80E1-4C7D-91E2-17E0C541CABC} = {99511B02-47E2-49EA-ABFA-692908E9ECF0}
		{5E6B1010-50AA-4E84-B429-C54B14C3EE18} = {99511B02-47E2-49EA-ABFA-692908E9ECF0}
		{A6C63CD5-6E2B-49A2-9DB1-91040B2E668A} = {99511B02-47E2-49EA-ABFA-692908E9ECF0}
		{CB75FC2D-DA86-4B76-BCE3-4CF64AFDEF90} = {99511B02-47E2-49EA-ABFA-692908E9ECF0}
		{BC61B7A3-0FB1-48F9-BD3B-2FE6F0862F7E} = {99511B02-47E2-49EA-ABFA-692908E9ECF0}
		{6C17440A-E962-433D-95CE-7650EF8CA9F3} = {99511B02-47E2-49EA-ABFA-692908E9ECF0}
		{6DFBB78D-722F-4C9B-BADD-5E1F621605AE} = {99511B02-47E2-49EA-ABFA-692908E9ECF0}
		{34B6A86A-E621-4B6E-8604-4F899F1082CF} = {99511B02-47E2-49EA-ABFA-692908E9ECF0}
		{92A85FDC-E8B9-407A-A661-8DD2098F1864} = {99511B02-47E2-49EA-ABFA-692908E9ECF0}
	EndGlobalSection
EndGlobal
