
Microsoft Visual Studio Solution File, Format Version 12.00
Project("{2150E333-8FDC-42A3-9474-1A3956D46DE8}") = "src", "src", "{497F1B45-87FA-40C6-BA04-28970B9989E9}"
EndProject
Project("{2150E333-8FDC-42A3-9474-1A3956D46DE8}") = "test", "test", "{D60A572A-6F0D-4EC8-A7CB-20861F55DEC1}"
EndProject
Project("{2150E333-8FDC-42A3-9474-1A3956D46DE8}") = "benchmark", "benchmark", "{E4A475DC-E347-455A-9F53-00CE179C9FEE}"
EndProject
Project("{FAE04EC0-301F-11D3-BF4B-00C04F79EFBC}") = "Persistify.DataStructures", "src\Persistify.DataStructures\Persistify.DataStructures.csproj", "{5518C1FC-E0F6-4F66-AE00-19418C1A82D3}"
EndProject
Project("{FAE04EC0-301F-11D3-BF4B-00C04F79EFBC}") = "Persistify.DataStructures.Test", "test\Persistify.DataStructures.Test\Persistify.DataStructures.Test.csproj", "{B870EC45-86D1-4690-8AE6-7E496078AC31}"
EndProject
Project("{FAE04EC0-301F-11D3-BF4B-00C04F79EFBC}") = "Persistify.DataStructures.Benchmark", "benchmark\Persistify.DataStructures.Benchmark\Persistify.DataStructures.Benchmark.csproj", "{84689D98-ECF0-4D34-BC0F-DC5CFC8D3451}"
EndProject
Project("{FAE04EC0-301F-11D3-BF4B-00C04F79EFBC}") = "Persistify.Grpc", "src\Persistify.Grpc\Persistify.Grpc.csproj", "{03EA903B-9861-45A8-AE3C-7101617B0535}"
EndProject
Project("{FAE04EC0-301F-11D3-BF4B-00C04F79EFBC}") = "Persistify.DataGenerator", "test\Persistify.DataGenerator\Persistify.DataGenerator.csproj", "{A7FEF607-A729-4EB2-B9C5-B945F7C9E029}"
EndProject
Project("{FAE04EC0-301F-11D3-BF4B-00C04F79EFBC}") = "Persistify.Dtos", "src\Persistify.Dtos\Persistify.Dtos.csproj", "{DD254204-479E-47F7-8ED7-1F841B6DEAD5}"
EndProject
Project("{FAE04EC0-301F-11D3-BF4B-00C04F79EFBC}") = "Persistify.Grpc.Test", "test\Persistify.Grpc.Test\Persistify.Grpc.Test.csproj", "{62DCA984-08FB-45DE-8ED1-05DD1E0A71CF}"
EndProject
Project("{FAE04EC0-301F-11D3-BF4B-00C04F79EFBC}") = "Persistify.Grpc.Benchmark", "benchmark\Persistify.Grpc.Benchmark\Persistify.Grpc.Benchmark.csproj", "{EC7E142A-7ECF-4D14-9F32-5F42A3DAF500}"
EndProject
Project("{FAE04EC0-301F-11D3-BF4B-00C04F79EFBC}") = "Persistify.Extensions", "src\Persistify.Extensions\Persistify.Extensions.csproj", "{6945A393-8B92-48B3-9AC7-F3F031233C0A}"
EndProject
Project("{FAE04EC0-301F-11D3-BF4B-00C04F79EFBC}") = "Persistify.Requests", "src\Persistify.Requests\Persistify.Requests.csproj", "{04A76BD5-C2FE-4AC2-B98F-A6B62EE1E8E4}"
EndProject
Project("{FAE04EC0-301F-11D3-BF4B-00C04F79EFBC}") = "Persistify.RequestHandlers", "src\Persistify.RequestHandlers\Persistify.RequestHandlers.csproj", "{C8D753FD-D58F-46EE-BC39-F9AC986D9931}"
EndProject
Project("{FAE04EC0-301F-11D3-BF4B-00C04F79EFBC}") = "Persistify.PipelineBehaviours", "src\Persistify.PipelineBehaviours\Persistify.PipelineBehaviours.csproj", "{F8113BC6-4F50-46F9-A277-152BF9BDCBF4}"
EndProject
Project("{FAE04EC0-301F-11D3-BF4B-00C04F79EFBC}") = "Persistify.Dtos.Validators", "src\Persistify.Dtos.Validators\Persistify.Dtos.Validators.csproj", "{6D43E30C-6009-4D8F-9781-758045135282}"
EndProject
Project("{FAE04EC0-301F-11D3-BF4B-00C04F79EFBC}") = "Persistify.Diagnostics", "src\Persistify.Diagnostics\Persistify.Diagnostics.csproj", "{4D03C814-A982-4500-9532-01EF96D91570}"
EndProject
Project("{FAE04EC0-301F-11D3-BF4B-00C04F79EFBC}") = "Persistify.Stores", "src\Persistify.Stores\Persistify.Stores.csproj", "{E392B2D9-1009-499F-B4B6-89EE61BC2B30}"
EndProject
Project("{FAE04EC0-301F-11D3-BF4B-00C04F79EFBC}") = "Persistify.Storage", "src\Persistify.Storage\Persistify.Storage.csproj", "{ADA024F9-5322-4B67-9460-61CCE682AA67}"
EndProject
Project("{FAE04EC0-301F-11D3-BF4B-00C04F79EFBC}") = "Persistify.HostedServices", "src\Persistify.HostedServices\Persistify.HostedServices.csproj", "{005CC3D0-D699-4D37-8480-7D5C8C02F92A}"
EndProject
Project("{FAE04EC0-301F-11D3-BF4B-00C04F79EFBC}") = "Persistify.Protos", "src\Persistify.Protos\Persistify.Protos.csproj", "{0AEBC168-AC17-4F33-B46E-1C096F8D3A26}"
EndProject
Project("{FAE04EC0-301F-11D3-BF4B-00C04F79EFBC}") = "Persistify.ProtoMappers", "src\Persistify.ProtoMappers\Persistify.ProtoMappers.csproj", "{B113D03C-3A12-43CF-BC3C-ED27461761B0}"
EndProject
Project("{FAE04EC0-301F-11D3-BF4B-00C04F79EFBC}") = "Persistify.Tokenizer", "src\Persistify.Tokenizer\Persistify.Tokenizer.csproj", "{DDAB4F44-77C5-4D8F-8F3A-716EEFAF24D7}"
EndProject
Global
	GlobalSection(SolutionConfigurationPlatforms) = preSolution
		Debug|Any CPU = Debug|Any CPU
		Release|Any CPU = Release|Any CPU
	EndGlobalSection
	GlobalSection(NestedProjects) = preSolution
		{5518C1FC-E0F6-4F66-AE00-19418C1A82D3} = {497F1B45-87FA-40C6-BA04-28970B9989E9}
		{B870EC45-86D1-4690-8AE6-7E496078AC31} = {D60A572A-6F0D-4EC8-A7CB-20861F55DEC1}
		{84689D98-ECF0-4D34-BC0F-DC5CFC8D3451} = {E4A475DC-E347-455A-9F53-00CE179C9FEE}
		{03EA903B-9861-45A8-AE3C-7101617B0535} = {497F1B45-87FA-40C6-BA04-28970B9989E9}
		{A7FEF607-A729-4EB2-B9C5-B945F7C9E029} = {D60A572A-6F0D-4EC8-A7CB-20861F55DEC1}
		{DD254204-479E-47F7-8ED7-1F841B6DEAD5} = {497F1B45-87FA-40C6-BA04-28970B9989E9}
		{62DCA984-08FB-45DE-8ED1-05DD1E0A71CF} = {D60A572A-6F0D-4EC8-A7CB-20861F55DEC1}
		{EC7E142A-7ECF-4D14-9F32-5F42A3DAF500} = {E4A475DC-E347-455A-9F53-00CE179C9FEE}
		{6945A393-8B92-48B3-9AC7-F3F031233C0A} = {497F1B45-87FA-40C6-BA04-28970B9989E9}
		{04A76BD5-C2FE-4AC2-B98F-A6B62EE1E8E4} = {497F1B45-87FA-40C6-BA04-28970B9989E9}
		{C8D753FD-D58F-46EE-BC39-F9AC986D9931} = {497F1B45-87FA-40C6-BA04-28970B9989E9}
		{F8113BC6-4F50-46F9-A277-152BF9BDCBF4} = {497F1B45-87FA-40C6-BA04-28970B9989E9}
		{6D43E30C-6009-4D8F-9781-758045135282} = {497F1B45-87FA-40C6-BA04-28970B9989E9}
		{4D03C814-A982-4500-9532-01EF96D91570} = {497F1B45-87FA-40C6-BA04-28970B9989E9}
		{E392B2D9-1009-499F-B4B6-89EE61BC2B30} = {497F1B45-87FA-40C6-BA04-28970B9989E9}
		{ADA024F9-5322-4B67-9460-61CCE682AA67} = {497F1B45-87FA-40C6-BA04-28970B9989E9}
		{005CC3D0-D699-4D37-8480-7D5C8C02F92A} = {497F1B45-87FA-40C6-BA04-28970B9989E9}
		{0AEBC168-AC17-4F33-B46E-1C096F8D3A26} = {497F1B45-87FA-40C6-BA04-28970B9989E9}
		{B113D03C-3A12-43CF-BC3C-ED27461761B0} = {497F1B45-87FA-40C6-BA04-28970B9989E9}
		{DDAB4F44-77C5-4D8F-8F3A-716EEFAF24D7} = {497F1B45-87FA-40C6-BA04-28970B9989E9}
	EndGlobalSection
	GlobalSection(ProjectConfigurationPlatforms) = postSolution
		{5518C1FC-E0F6-4F66-AE00-19418C1A82D3}.Debug|Any CPU.ActiveCfg = Debug|Any CPU
		{5518C1FC-E0F6-4F66-AE00-19418C1A82D3}.Debug|Any CPU.Build.0 = Debug|Any CPU
		{5518C1FC-E0F6-4F66-AE00-19418C1A82D3}.Release|Any CPU.ActiveCfg = Release|Any CPU
		{5518C1FC-E0F6-4F66-AE00-19418C1A82D3}.Release|Any CPU.Build.0 = Release|Any CPU
		{B870EC45-86D1-4690-8AE6-7E496078AC31}.Debug|Any CPU.ActiveCfg = Debug|Any CPU
		{B870EC45-86D1-4690-8AE6-7E496078AC31}.Debug|Any CPU.Build.0 = Debug|Any CPU
		{B870EC45-86D1-4690-8AE6-7E496078AC31}.Release|Any CPU.ActiveCfg = Release|Any CPU
		{B870EC45-86D1-4690-8AE6-7E496078AC31}.Release|Any CPU.Build.0 = Release|Any CPU
		{84689D98-ECF0-4D34-BC0F-DC5CFC8D3451}.Debug|Any CPU.ActiveCfg = Debug|Any CPU
		{84689D98-ECF0-4D34-BC0F-DC5CFC8D3451}.Debug|Any CPU.Build.0 = Debug|Any CPU
		{84689D98-ECF0-4D34-BC0F-DC5CFC8D3451}.Release|Any CPU.ActiveCfg = Release|Any CPU
		{84689D98-ECF0-4D34-BC0F-DC5CFC8D3451}.Release|Any CPU.Build.0 = Release|Any CPU
		{03EA903B-9861-45A8-AE3C-7101617B0535}.Debug|Any CPU.ActiveCfg = Debug|Any CPU
		{03EA903B-9861-45A8-AE3C-7101617B0535}.Debug|Any CPU.Build.0 = Debug|Any CPU
		{03EA903B-9861-45A8-AE3C-7101617B0535}.Release|Any CPU.ActiveCfg = Release|Any CPU
		{03EA903B-9861-45A8-AE3C-7101617B0535}.Release|Any CPU.Build.0 = Release|Any CPU
		{A7FEF607-A729-4EB2-B9C5-B945F7C9E029}.Debug|Any CPU.ActiveCfg = Debug|Any CPU
		{A7FEF607-A729-4EB2-B9C5-B945F7C9E029}.Debug|Any CPU.Build.0 = Debug|Any CPU
		{A7FEF607-A729-4EB2-B9C5-B945F7C9E029}.Release|Any CPU.ActiveCfg = Release|Any CPU
		{A7FEF607-A729-4EB2-B9C5-B945F7C9E029}.Release|Any CPU.Build.0 = Release|Any CPU
		{DD254204-479E-47F7-8ED7-1F841B6DEAD5}.Debug|Any CPU.ActiveCfg = Debug|Any CPU
		{DD254204-479E-47F7-8ED7-1F841B6DEAD5}.Debug|Any CPU.Build.0 = Debug|Any CPU
		{DD254204-479E-47F7-8ED7-1F841B6DEAD5}.Release|Any CPU.ActiveCfg = Release|Any CPU
		{DD254204-479E-47F7-8ED7-1F841B6DEAD5}.Release|Any CPU.Build.0 = Release|Any CPU
		{62DCA984-08FB-45DE-8ED1-05DD1E0A71CF}.Debug|Any CPU.ActiveCfg = Debug|Any CPU
		{62DCA984-08FB-45DE-8ED1-05DD1E0A71CF}.Debug|Any CPU.Build.0 = Debug|Any CPU
		{62DCA984-08FB-45DE-8ED1-05DD1E0A71CF}.Release|Any CPU.ActiveCfg = Release|Any CPU
		{62DCA984-08FB-45DE-8ED1-05DD1E0A71CF}.Release|Any CPU.Build.0 = Release|Any CPU
		{EC7E142A-7ECF-4D14-9F32-5F42A3DAF500}.Debug|Any CPU.ActiveCfg = Debug|Any CPU
		{EC7E142A-7ECF-4D14-9F32-5F42A3DAF500}.Debug|Any CPU.Build.0 = Debug|Any CPU
		{EC7E142A-7ECF-4D14-9F32-5F42A3DAF500}.Release|Any CPU.ActiveCfg = Release|Any CPU
		{EC7E142A-7ECF-4D14-9F32-5F42A3DAF500}.Release|Any CPU.Build.0 = Release|Any CPU
		{6945A393-8B92-48B3-9AC7-F3F031233C0A}.Debug|Any CPU.ActiveCfg = Debug|Any CPU
		{6945A393-8B92-48B3-9AC7-F3F031233C0A}.Debug|Any CPU.Build.0 = Debug|Any CPU
		{6945A393-8B92-48B3-9AC7-F3F031233C0A}.Release|Any CPU.ActiveCfg = Release|Any CPU
		{6945A393-8B92-48B3-9AC7-F3F031233C0A}.Release|Any CPU.Build.0 = Release|Any CPU
		{04A76BD5-C2FE-4AC2-B98F-A6B62EE1E8E4}.Debug|Any CPU.ActiveCfg = Debug|Any CPU
		{04A76BD5-C2FE-4AC2-B98F-A6B62EE1E8E4}.Debug|Any CPU.Build.0 = Debug|Any CPU
		{04A76BD5-C2FE-4AC2-B98F-A6B62EE1E8E4}.Release|Any CPU.ActiveCfg = Release|Any CPU
		{04A76BD5-C2FE-4AC2-B98F-A6B62EE1E8E4}.Release|Any CPU.Build.0 = Release|Any CPU
		{C8D753FD-D58F-46EE-BC39-F9AC986D9931}.Debug|Any CPU.ActiveCfg = Debug|Any CPU
		{C8D753FD-D58F-46EE-BC39-F9AC986D9931}.Debug|Any CPU.Build.0 = Debug|Any CPU
		{C8D753FD-D58F-46EE-BC39-F9AC986D9931}.Release|Any CPU.ActiveCfg = Release|Any CPU
		{C8D753FD-D58F-46EE-BC39-F9AC986D9931}.Release|Any CPU.Build.0 = Release|Any CPU
		{F8113BC6-4F50-46F9-A277-152BF9BDCBF4}.Debug|Any CPU.ActiveCfg = Debug|Any CPU
		{F8113BC6-4F50-46F9-A277-152BF9BDCBF4}.Debug|Any CPU.Build.0 = Debug|Any CPU
		{F8113BC6-4F50-46F9-A277-152BF9BDCBF4}.Release|Any CPU.ActiveCfg = Release|Any CPU
		{F8113BC6-4F50-46F9-A277-152BF9BDCBF4}.Release|Any CPU.Build.0 = Release|Any CPU
		{6D43E30C-6009-4D8F-9781-758045135282}.Debug|Any CPU.ActiveCfg = Debug|Any CPU
		{6D43E30C-6009-4D8F-9781-758045135282}.Debug|Any CPU.Build.0 = Debug|Any CPU
		{6D43E30C-6009-4D8F-9781-758045135282}.Release|Any CPU.ActiveCfg = Release|Any CPU
		{6D43E30C-6009-4D8F-9781-758045135282}.Release|Any CPU.Build.0 = Release|Any CPU
		{4D03C814-A982-4500-9532-01EF96D91570}.Debug|Any CPU.ActiveCfg = Debug|Any CPU
		{4D03C814-A982-4500-9532-01EF96D91570}.Debug|Any CPU.Build.0 = Debug|Any CPU
		{4D03C814-A982-4500-9532-01EF96D91570}.Release|Any CPU.ActiveCfg = Release|Any CPU
		{4D03C814-A982-4500-9532-01EF96D91570}.Release|Any CPU.Build.0 = Release|Any CPU
		{E392B2D9-1009-499F-B4B6-89EE61BC2B30}.Debug|Any CPU.ActiveCfg = Debug|Any CPU
		{E392B2D9-1009-499F-B4B6-89EE61BC2B30}.Debug|Any CPU.Build.0 = Debug|Any CPU
		{E392B2D9-1009-499F-B4B6-89EE61BC2B30}.Release|Any CPU.ActiveCfg = Release|Any CPU
		{E392B2D9-1009-499F-B4B6-89EE61BC2B30}.Release|Any CPU.Build.0 = Release|Any CPU
		{ADA024F9-5322-4B67-9460-61CCE682AA67}.Debug|Any CPU.ActiveCfg = Debug|Any CPU
		{ADA024F9-5322-4B67-9460-61CCE682AA67}.Debug|Any CPU.Build.0 = Debug|Any CPU
		{ADA024F9-5322-4B67-9460-61CCE682AA67}.Release|Any CPU.ActiveCfg = Release|Any CPU
		{ADA024F9-5322-4B67-9460-61CCE682AA67}.Release|Any CPU.Build.0 = Release|Any CPU
		{005CC3D0-D699-4D37-8480-7D5C8C02F92A}.Debug|Any CPU.ActiveCfg = Debug|Any CPU
		{005CC3D0-D699-4D37-8480-7D5C8C02F92A}.Debug|Any CPU.Build.0 = Debug|Any CPU
		{005CC3D0-D699-4D37-8480-7D5C8C02F92A}.Release|Any CPU.ActiveCfg = Release|Any CPU
		{005CC3D0-D699-4D37-8480-7D5C8C02F92A}.Release|Any CPU.Build.0 = Release|Any CPU
		{0AEBC168-AC17-4F33-B46E-1C096F8D3A26}.Debug|Any CPU.ActiveCfg = Debug|Any CPU
		{0AEBC168-AC17-4F33-B46E-1C096F8D3A26}.Debug|Any CPU.Build.0 = Debug|Any CPU
		{0AEBC168-AC17-4F33-B46E-1C096F8D3A26}.Release|Any CPU.ActiveCfg = Release|Any CPU
		{0AEBC168-AC17-4F33-B46E-1C096F8D3A26}.Release|Any CPU.Build.0 = Release|Any CPU
		{B113D03C-3A12-43CF-BC3C-ED27461761B0}.Debug|Any CPU.ActiveCfg = Debug|Any CPU
		{B113D03C-3A12-43CF-BC3C-ED27461761B0}.Debug|Any CPU.Build.0 = Debug|Any CPU
		{B113D03C-3A12-43CF-BC3C-ED27461761B0}.Release|Any CPU.ActiveCfg = Release|Any CPU
		{B113D03C-3A12-43CF-BC3C-ED27461761B0}.Release|Any CPU.Build.0 = Release|Any CPU
		{DDAB4F44-77C5-4D8F-8F3A-716EEFAF24D7}.Debug|Any CPU.ActiveCfg = Debug|Any CPU
		{DDAB4F44-77C5-4D8F-8F3A-716EEFAF24D7}.Debug|Any CPU.Build.0 = Debug|Any CPU
		{DDAB4F44-77C5-4D8F-8F3A-716EEFAF24D7}.Release|Any CPU.ActiveCfg = Release|Any CPU
		{DDAB4F44-77C5-4D8F-8F3A-716EEFAF24D7}.Release|Any CPU.Build.0 = Release|Any CPU
	EndGlobalSection
EndGlobal
